
Microsoft Visual Studio Solution File, Format Version 12.00
# Visual Studio Version 17
VisualStudioVersion = 17.2.32519.379
MinimumVisualStudioVersion = 10.0.40219.1
Project("{9A19103F-16F7-4668-BE54-9A1E7A4F7556}") = "DnDApi", "DnDApi.csproj", "{70CDAFEA-1ED2-4898-B323-8003E36E15E3}"
EndProject
Global
	GlobalSection(SolutionConfigurationPlatforms) = preSolution
		Debug|Any CPU = Debug|Any CPU
		Release|Any CPU = Release|Any CPU
	EndGlobalSection
	GlobalSection(ProjectConfigurationPlatforms) = postSolution
		{70CDAFEA-1ED2-4898-B323-8003E36E15E3}.Debug|Any CPU.ActiveCfg = Debug|Any CPU
		{70CDAFEA-1ED2-4898-B323-8003E36E15E3}.Debug|Any CPU.Build.0 = Debug|Any CPU
		{70CDAFEA-1ED2-4898-B323-8003E36E15E3}.Release|Any CPU.ActiveCfg = Release|Any CPU
		{70CDAFEA-1ED2-4898-B323-8003E36E15E3}.Release|Any CPU.Build.0 = Release|Any CPU
	EndGlobalSection
	GlobalSection(SolutionProperties) = preSolution
		HideSolutionNode = FALSE
	EndGlobalSection
	GlobalSection(ExtensibilityGlobals) = postSolution
		SolutionGuid = {9478CDF3-B6F1-4EAA-9A3F-B9087F9841E7}
	EndGlobalSection
EndGlobal
